
Microsoft Visual Studio Solution File, Format Version 12.00
# Visual Studio 2013
VisualStudioVersion = 12.0.31101.0
MinimumVisualStudioVersion = 10.0.40219.1
Project("{FAE04EC0-301F-11D3-BF4B-00C04F79EFBC}") = "Foundoc.Manager", "Foundoc.Manager\Foundoc.Manager.csproj", "{95CD4DBB-3285-4EB3-8A34-889D32F872E0}"
EndProject
Project("{FAE04EC0-301F-11D3-BF4B-00C04F79EFBC}") = "Foundoc.Manager.Consumer", "Foundoc.Manager.Consumer\Foundoc.Manager.Consumer.csproj", "{36BDC81B-BBAA-4E92-8CCA-94089692DF55}"
EndProject
Project("{2150E333-8FDC-42A3-9474-1A3956D46DE8}") = "SolutionItems", "SolutionItems", "{E926FB1F-8165-4B02-9C73-A1C832D99066}"
	ProjectSection(SolutionItems) = preProject
		SolutionItems\Foundoc.Manager.nuspec = SolutionItems\Foundoc.Manager.nuspec
	EndProjectSection
EndProject
Project("{2150E333-8FDC-42A3-9474-1A3956D46DE8}") = ".nuget", ".nuget", "{92B75645-A4D6-4922-B285-A4B281868B37}"
	ProjectSection(SolutionItems) = preProject
		.nuget\NuGet.Config = .nuget\NuGet.Config
		.nuget\NuGet.exe = .nuget\NuGet.exe
		.nuget\NuGet.targets = .nuget\NuGet.targets
	EndProjectSection
EndProject
Global
	GlobalSection(SolutionConfigurationPlatforms) = preSolution
		Debug|Any CPU = Debug|Any CPU
		Release|Any CPU = Release|Any CPU
	EndGlobalSection
	GlobalSection(ProjectConfigurationPlatforms) = postSolution
		{95CD4DBB-3285-4EB3-8A34-889D32F872E0}.Debug|Any CPU.ActiveCfg = Debug|Any CPU
		{95CD4DBB-3285-4EB3-8A34-889D32F872E0}.Debug|Any CPU.Build.0 = Debug|Any CPU
		{95CD4DBB-3285-4EB3-8A34-889D32F872E0}.Release|Any CPU.ActiveCfg = Release|Any CPU
		{95CD4DBB-3285-4EB3-8A34-889D32F872E0}.Release|Any CPU.Build.0 = Release|Any CPU
		{36BDC81B-BBAA-4E92-8CCA-94089692DF55}.Debug|Any CPU.ActiveCfg = Debug|Any CPU
		{36BDC81B-BBAA-4E92-8CCA-94089692DF55}.Debug|Any CPU.Build.0 = Debug|Any CPU
		{36BDC81B-BBAA-4E92-8CCA-94089692DF55}.Release|Any CPU.ActiveCfg = Release|Any CPU
		{36BDC81B-BBAA-4E92-8CCA-94089692DF55}.Release|Any CPU.Build.0 = Release|Any CPU
	EndGlobalSection
	GlobalSection(SolutionProperties) = preSolution
		HideSolutionNode = FALSE
	EndGlobalSection
EndGlobal
